// !$*UTF8*$!
{
	archiveVersion = 1;
	classes = {
	};
	objectVersion = 46;
	objects = {

/* Begin PBXBuildFile section */
		94E17275151D1CB30033CFF1 /* UIKit.framework in Frameworks */ = {isa = PBXBuildFile; fileRef = 94E17274151D1CB30033CFF1 /* UIKit.framework */; };
		94E17277151D1CB30033CFF1 /* Foundation.framework in Frameworks */ = {isa = PBXBuildFile; fileRef = 94E17276151D1CB30033CFF1 /* Foundation.framework */; };
		94E17279151D1CB30033CFF1 /* CoreGraphics.framework in Frameworks */ = {isa = PBXBuildFile; fileRef = 94E17278151D1CB30033CFF1 /* CoreGraphics.framework */; };
		94E1727F151D1CB30033CFF1 /* InfoPlist.strings in Resources */ = {isa = PBXBuildFile; fileRef = 94E1727D151D1CB30033CFF1 /* InfoPlist.strings */; };
		94E17281151D1CB30033CFF1 /* main.m in Sources */ = {isa = PBXBuildFile; fileRef = 94E17280151D1CB30033CFF1 /* main.m */; };
		94E17285151D1CB30033CFF1 /* AppDelegate.m in Sources */ = {isa = PBXBuildFile; fileRef = 94E17284151D1CB30033CFF1 /* AppDelegate.m */; };
		94E17288151D1CB30033CFF1 /* ViewController.m in Sources */ = {isa = PBXBuildFile; fileRef = 94E17287151D1CB30033CFF1 /* ViewController.m */; };
		94E1728B151D1CB30033CFF1 /* ViewController_iPhone.xib in Resources */ = {isa = PBXBuildFile; fileRef = 94E17289151D1CB30033CFF1 /* ViewController_iPhone.xib */; };
		94E1728E151D1CB30033CFF1 /* ViewController_iPad.xib in Resources */ = {isa = PBXBuildFile; fileRef = 94E1728C151D1CB30033CFF1 /* ViewController_iPad.xib */; };
		94E17339151D1D610033CFF1 /* SHKOAuthSharer.m in Sources */ = {isa = PBXBuildFile; fileRef = 94E1729F151D1D610033CFF1 /* SHKOAuthSharer.m */; };
		94E1733A151D1D610033CFF1 /* SHKSharer.m in Sources */ = {isa = PBXBuildFile; fileRef = 94E172A1151D1D610033CFF1 /* SHKSharer.m */; };
		94E1733B151D1D610033CFF1 /* UIWebView+SHK.m in Sources */ = {isa = PBXBuildFile; fileRef = 94E172A4151D1D610033CFF1 /* UIWebView+SHK.m */; };
		94E1733C151D1D610033CFF1 /* SFHFKeychainUtils.m in Sources */ = {isa = PBXBuildFile; fileRef = 94E172A8151D1D610033CFF1 /* SFHFKeychainUtils.m */; };
		94E1733D151D1D610033CFF1 /* NSMutableURLRequest+Parameters.m in Sources */ = {isa = PBXBuildFile; fileRef = 94E172AC151D1D610033CFF1 /* NSMutableURLRequest+Parameters.m */; };
		94E1733E151D1D610033CFF1 /* NSString+URLEncoding.m in Sources */ = {isa = PBXBuildFile; fileRef = 94E172AE151D1D610033CFF1 /* NSString+URLEncoding.m */; };
		94E1733F151D1D610033CFF1 /* NSURL+Base.m in Sources */ = {isa = PBXBuildFile; fileRef = 94E172B0151D1D610033CFF1 /* NSURL+Base.m */; };
		94E17340151D1D610033CFF1 /* Base64Transcoder.c in Sources */ = {isa = PBXBuildFile; fileRef = 94E172B2151D1D610033CFF1 /* Base64Transcoder.c */; };
		94E17341151D1D610033CFF1 /* hmac.c in Sources */ = {isa = PBXBuildFile; fileRef = 94E172B4151D1D610033CFF1 /* hmac.c */; };
		94E17342151D1D610033CFF1 /* sha1.c in Sources */ = {isa = PBXBuildFile; fileRef = 94E172B6151D1D610033CFF1 /* sha1.c */; };
		94E17343151D1D610033CFF1 /* OAAsynchronousDataFetcher.m in Sources */ = {isa = PBXBuildFile; fileRef = 94E172B9151D1D610033CFF1 /* OAAsynchronousDataFetcher.m */; };
		94E17344151D1D610033CFF1 /* OAConsumer.m in Sources */ = {isa = PBXBuildFile; fileRef = 94E172BB151D1D610033CFF1 /* OAConsumer.m */; };
		94E17345151D1D610033CFF1 /* OADataFetcher.m in Sources */ = {isa = PBXBuildFile; fileRef = 94E172BD151D1D610033CFF1 /* OADataFetcher.m */; };
		94E17346151D1D610033CFF1 /* OAHMAC_SHA1SignatureProvider.m in Sources */ = {isa = PBXBuildFile; fileRef = 94E172BF151D1D610033CFF1 /* OAHMAC_SHA1SignatureProvider.m */; };
		94E17347151D1D610033CFF1 /* OAMutableURLRequest.m in Sources */ = {isa = PBXBuildFile; fileRef = 94E172C1151D1D610033CFF1 /* OAMutableURLRequest.m */; };
		94E17348151D1D610033CFF1 /* OAPlaintextSignatureProvider.m in Sources */ = {isa = PBXBuildFile; fileRef = 94E172C3151D1D610033CFF1 /* OAPlaintextSignatureProvider.m */; };
		94E17349151D1D610033CFF1 /* OARequestParameter.m in Sources */ = {isa = PBXBuildFile; fileRef = 94E172C5151D1D610033CFF1 /* OARequestParameter.m */; };
		94E1734A151D1D610033CFF1 /* OAServiceTicket.m in Sources */ = {isa = PBXBuildFile; fileRef = 94E172C7151D1D610033CFF1 /* OAServiceTicket.m */; };
		94E1734B151D1D610033CFF1 /* OAToken.m in Sources */ = {isa = PBXBuildFile; fileRef = 94E172CA151D1D610033CFF1 /* OAToken.m */; };
		94E1734C151D1D610033CFF1 /* SHKRequest.m in Sources */ = {isa = PBXBuildFile; fileRef = 94E172CD151D1D610033CFF1 /* SHKRequest.m */; };
		94E1734D151D1D610033CFF1 /* SHK.m in Sources */ = {isa = PBXBuildFile; fileRef = 94E172CF151D1D610033CFF1 /* SHK.m */; };
		94E1734E151D1D610033CFF1 /* SHKItem.m in Sources */ = {isa = PBXBuildFile; fileRef = 94E172D1151D1D610033CFF1 /* SHKItem.m */; };
		94E1734F151D1D610033CFF1 /* SHKOfflineSharer.m in Sources */ = {isa = PBXBuildFile; fileRef = 94E172D3151D1D610033CFF1 /* SHKOfflineSharer.m */; };
		94E17350151D1D610033CFF1 /* SHKSharers.plist in Resources */ = {isa = PBXBuildFile; fileRef = 94E172D4151D1D610033CFF1 /* SHKSharers.plist */; };
		94E17351151D1D610033CFF1 /* SHKCustomFormController.m in Sources */ = {isa = PBXBuildFile; fileRef = 94E172D7151D1D610033CFF1 /* SHKCustomFormController.m */; };
		94E17352151D1D610033CFF1 /* SHKCustomFormFieldCell.m in Sources */ = {isa = PBXBuildFile; fileRef = 94E172D9151D1D610033CFF1 /* SHKCustomFormFieldCell.m */; };
		94E17353151D1D610033CFF1 /* SHKCustomShareMenu.m in Sources */ = {isa = PBXBuildFile; fileRef = 94E172DB151D1D610033CFF1 /* SHKCustomShareMenu.m */; };
		94E17354151D1D610033CFF1 /* SHKCustomShareMenuCell.m in Sources */ = {isa = PBXBuildFile; fileRef = 94E172DD151D1D610033CFF1 /* SHKCustomShareMenuCell.m */; };
		94E17355151D1D610033CFF1 /* Localizable.strings in Resources */ = {isa = PBXBuildFile; fileRef = 94E172DF151D1D610033CFF1 /* Localizable.strings */; };
		94E17356151D1D610033CFF1 /* Reachability.m in Sources */ = {isa = PBXBuildFile; fileRef = 94E172E4151D1D610033CFF1 /* Reachability.m */; };
		94E17357151D1D610033CFF1 /* SHKCopy.m in Sources */ = {isa = PBXBuildFile; fileRef = 94E172E9151D1D610033CFF1 /* SHKCopy.m */; };
		94E17358151D1D610033CFF1 /* SHKMail.m in Sources */ = {isa = PBXBuildFile; fileRef = 94E172EC151D1D610033CFF1 /* SHKMail.m */; };
		94E17359151D1D610033CFF1 /* SHKSafari.m in Sources */ = {isa = PBXBuildFile; fileRef = 94E172EF151D1D610033CFF1 /* SHKSafari.m */; };
		94E1735A151D1D610033CFF1 /* SHKPhotoAlbum.m in Sources */ = {isa = PBXBuildFile; fileRef = 94E172F2151D1D610033CFF1 /* SHKPhotoAlbum.m */; };
		94E1735B151D1D610033CFF1 /* SHKDelicious.m in Sources */ = {isa = PBXBuildFile; fileRef = 94E172F6151D1D610033CFF1 /* SHKDelicious.m */; };
		94E1735C151D1D610033CFF1 /* FBConnect.bundle in Resources */ = {isa = PBXBuildFile; fileRef = 94E172F9151D1D610033CFF1 /* FBConnect.bundle */; };
		94E1735D151D1D610033CFF1 /* FBConnectGlobal.m in Sources */ = {isa = PBXBuildFile; fileRef = 94E172FC151D1D610033CFF1 /* FBConnectGlobal.m */; };
		94E1735E151D1D610033CFF1 /* FBDialog.m in Sources */ = {isa = PBXBuildFile; fileRef = 94E172FE151D1D610033CFF1 /* FBDialog.m */; };
		94E1735F151D1D610033CFF1 /* FBFeedDialog.m in Sources */ = {isa = PBXBuildFile; fileRef = 94E17300151D1D610033CFF1 /* FBFeedDialog.m */; };
		94E17360151D1D610033CFF1 /* FBLoginButton.m in Sources */ = {isa = PBXBuildFile; fileRef = 94E17302151D1D610033CFF1 /* FBLoginButton.m */; };
		94E17361151D1D610033CFF1 /* FBLoginDialog.m in Sources */ = {isa = PBXBuildFile; fileRef = 94E17304151D1D610033CFF1 /* FBLoginDialog.m */; };
		94E17362151D1D610033CFF1 /* FBPermissionDialog.m in Sources */ = {isa = PBXBuildFile; fileRef = 94E17306151D1D610033CFF1 /* FBPermissionDialog.m */; };
		94E17363151D1D610033CFF1 /* FBRequest.m in Sources */ = {isa = PBXBuildFile; fileRef = 94E17308151D1D610033CFF1 /* FBRequest.m */; };
		94E17364151D1D610033CFF1 /* FBSession.m in Sources */ = {isa = PBXBuildFile; fileRef = 94E1730A151D1D610033CFF1 /* FBSession.m */; };
		94E17365151D1D610033CFF1 /* FBStreamDialog.m in Sources */ = {isa = PBXBuildFile; fileRef = 94E1730C151D1D610033CFF1 /* FBStreamDialog.m */; };
		94E17366151D1D610033CFF1 /* FBXMLHandler.m in Sources */ = {isa = PBXBuildFile; fileRef = 94E1730E151D1D610033CFF1 /* FBXMLHandler.m */; };
		94E17367151D1D610033CFF1 /* SHKFacebook.m in Sources */ = {isa = PBXBuildFile; fileRef = 94E17310151D1D610033CFF1 /* SHKFacebook.m */; };
		94E17368151D1D610033CFF1 /* SHKFBStreamDialog.m in Sources */ = {isa = PBXBuildFile; fileRef = 94E17312151D1D610033CFF1 /* SHKFBStreamDialog.m */; };
		94E17369151D1D610033CFF1 /* SHKGoogleReader.m in Sources */ = {isa = PBXBuildFile; fileRef = 94E17315151D1D610033CFF1 /* SHKGoogleReader.m */; };
		94E1736A151D1D610033CFF1 /* SHKInstapaper.m in Sources */ = {isa = PBXBuildFile; fileRef = 94E17318151D1D610033CFF1 /* SHKInstapaper.m */; };
		94E1736B151D1D610033CFF1 /* SHKPinboard.m in Sources */ = {isa = PBXBuildFile; fileRef = 94E1731B151D1D610033CFF1 /* SHKPinboard.m */; };
		94E1736C151D1D610033CFF1 /* SHKReadItLater.m in Sources */ = {isa = PBXBuildFile; fileRef = 94E1731E151D1D610033CFF1 /* SHKReadItLater.m */; };
		94E1736D151D1D610033CFF1 /* SHKTumblr.m in Sources */ = {isa = PBXBuildFile; fileRef = 94E17321151D1D610033CFF1 /* SHKTumblr.m */; };
		94E1736E151D1D610033CFF1 /* SHKTwitter.m in Sources */ = {isa = PBXBuildFile; fileRef = 94E17324151D1D610033CFF1 /* SHKTwitter.m */; };
		94E1736F151D1D610033CFF1 /* SHKTwitterForm.m in Sources */ = {isa = PBXBuildFile; fileRef = 94E17326151D1D610033CFF1 /* SHKTwitterForm.m */; };
		94E17370151D1D610033CFF1 /* SHKActionSheet.m in Sources */ = {isa = PBXBuildFile; fileRef = 94E1732A151D1D610033CFF1 /* SHKActionSheet.m */; };
		94E17371151D1D610033CFF1 /* SHKActivityIndicator.m in Sources */ = {isa = PBXBuildFile; fileRef = 94E1732C151D1D610033CFF1 /* SHKActivityIndicator.m */; };
		94E17372151D1D610033CFF1 /* SHKFormController.m in Sources */ = {isa = PBXBuildFile; fileRef = 94E1732E151D1D610033CFF1 /* SHKFormController.m */; };
		94E17373151D1D610033CFF1 /* SHKFormFieldCell.m in Sources */ = {isa = PBXBuildFile; fileRef = 94E17330151D1D610033CFF1 /* SHKFormFieldCell.m */; };
		94E17374151D1D610033CFF1 /* SHKFormFieldSettings.m in Sources */ = {isa = PBXBuildFile; fileRef = 94E17332151D1D610033CFF1 /* SHKFormFieldSettings.m */; };
		94E17375151D1D610033CFF1 /* SHKOAuthView.m in Sources */ = {isa = PBXBuildFile; fileRef = 94E17334151D1D610033CFF1 /* SHKOAuthView.m */; };
		94E17376151D1D610033CFF1 /* SHKShareMenu.m in Sources */ = {isa = PBXBuildFile; fileRef = 94E17336151D1D610033CFF1 /* SHKShareMenu.m */; };
		94E17377151D1D610033CFF1 /* SHKViewControllerWrapper.m in Sources */ = {isa = PBXBuildFile; fileRef = 94E17338151D1D610033CFF1 /* SHKViewControllerWrapper.m */; };
		94E1737E151D1D910033CFF1 /* SystemConfiguration.framework in Frameworks */ = {isa = PBXBuildFile; fileRef = 94E17378151D1D7E0033CFF1 /* SystemConfiguration.framework */; };
		94E1737F151D1D930033CFF1 /* MessageUI.framework in Frameworks */ = {isa = PBXBuildFile; fileRef = 94E1737A151D1D820033CFF1 /* MessageUI.framework */; };
		94E17380151D1D950033CFF1 /* Security.framework in Frameworks */ = {isa = PBXBuildFile; fileRef = 94E1737C151D1D870033CFF1 /* Security.framework */; };
/* End PBXBuildFile section */

/* Begin PBXFileReference section */
		94E17270151D1CB30033CFF1 /* BufferShareKit.app */ = {isa = PBXFileReference; explicitFileType = wrapper.application; includeInIndex = 0; path = BufferShareKit.app; sourceTree = BUILT_PRODUCTS_DIR; };
		94E17274151D1CB30033CFF1 /* UIKit.framework */ = {isa = PBXFileReference; lastKnownFileType = wrapper.framework; name = UIKit.framework; path = System/Library/Frameworks/UIKit.framework; sourceTree = SDKROOT; };
		94E17276151D1CB30033CFF1 /* Foundation.framework */ = {isa = PBXFileReference; lastKnownFileType = wrapper.framework; name = Foundation.framework; path = System/Library/Frameworks/Foundation.framework; sourceTree = SDKROOT; };
		94E17278151D1CB30033CFF1 /* CoreGraphics.framework */ = {isa = PBXFileReference; lastKnownFileType = wrapper.framework; name = CoreGraphics.framework; path = System/Library/Frameworks/CoreGraphics.framework; sourceTree = SDKROOT; };
		94E1727C151D1CB30033CFF1 /* BufferShareKit-Info.plist */ = {isa = PBXFileReference; lastKnownFileType = text.plist.xml; path = "BufferShareKit-Info.plist"; sourceTree = "<group>"; };
		94E1727E151D1CB30033CFF1 /* en */ = {isa = PBXFileReference; lastKnownFileType = text.plist.strings; name = en; path = en.lproj/InfoPlist.strings; sourceTree = "<group>"; };
		94E17280151D1CB30033CFF1 /* main.m */ = {isa = PBXFileReference; lastKnownFileType = sourcecode.c.objc; path = main.m; sourceTree = "<group>"; };
		94E17282151D1CB30033CFF1 /* BufferShareKit-Prefix.pch */ = {isa = PBXFileReference; lastKnownFileType = sourcecode.c.h; path = "BufferShareKit-Prefix.pch"; sourceTree = "<group>"; };
		94E17283151D1CB30033CFF1 /* AppDelegate.h */ = {isa = PBXFileReference; lastKnownFileType = sourcecode.c.h; path = AppDelegate.h; sourceTree = "<group>"; };
		94E17284151D1CB30033CFF1 /* AppDelegate.m */ = {isa = PBXFileReference; lastKnownFileType = sourcecode.c.objc; path = AppDelegate.m; sourceTree = "<group>"; };
		94E17286151D1CB30033CFF1 /* ViewController.h */ = {isa = PBXFileReference; lastKnownFileType = sourcecode.c.h; path = ViewController.h; sourceTree = "<group>"; };
		94E17287151D1CB30033CFF1 /* ViewController.m */ = {isa = PBXFileReference; lastKnownFileType = sourcecode.c.objc; path = ViewController.m; sourceTree = "<group>"; };
		94E1728A151D1CB30033CFF1 /* en */ = {isa = PBXFileReference; lastKnownFileType = file.xib; name = en; path = en.lproj/ViewController_iPhone.xib; sourceTree = "<group>"; };
		94E1728D151D1CB30033CFF1 /* en */ = {isa = PBXFileReference; lastKnownFileType = file.xib; name = en; path = en.lproj/ViewController_iPad.xib; sourceTree = "<group>"; };
		94E1729E151D1D610033CFF1 /* SHKOAuthSharer.h */ = {isa = PBXFileReference; fileEncoding = 4; lastKnownFileType = sourcecode.c.h; path = SHKOAuthSharer.h; sourceTree = "<group>"; };
		94E1729F151D1D610033CFF1 /* SHKOAuthSharer.m */ = {isa = PBXFileReference; fileEncoding = 4; lastKnownFileType = sourcecode.c.objc; path = SHKOAuthSharer.m; sourceTree = "<group>"; };
		94E172A0151D1D610033CFF1 /* SHKSharer.h */ = {isa = PBXFileReference; fileEncoding = 4; lastKnownFileType = sourcecode.c.h; path = SHKSharer.h; sourceTree = "<group>"; };
		94E172A1151D1D610033CFF1 /* SHKSharer.m */ = {isa = PBXFileReference; fileEncoding = 4; lastKnownFileType = sourcecode.c.objc; path = SHKSharer.m; sourceTree = "<group>"; };
		94E172A3151D1D610033CFF1 /* UIWebView+SHK.h */ = {isa = PBXFileReference; fileEncoding = 4; lastKnownFileType = sourcecode.c.h; path = "UIWebView+SHK.h"; sourceTree = "<group>"; };
		94E172A4151D1D610033CFF1 /* UIWebView+SHK.m */ = {isa = PBXFileReference; fileEncoding = 4; lastKnownFileType = sourcecode.c.objc; path = "UIWebView+SHK.m"; sourceTree = "<group>"; };
		94E172A7151D1D610033CFF1 /* SFHFKeychainUtils.h */ = {isa = PBXFileReference; fileEncoding = 4; lastKnownFileType = sourcecode.c.h; path = SFHFKeychainUtils.h; sourceTree = "<group>"; };
		94E172A8151D1D610033CFF1 /* SFHFKeychainUtils.m */ = {isa = PBXFileReference; fileEncoding = 4; lastKnownFileType = sourcecode.c.objc; path = SFHFKeychainUtils.m; sourceTree = "<group>"; };
		94E172AB151D1D610033CFF1 /* NSMutableURLRequest+Parameters.h */ = {isa = PBXFileReference; fileEncoding = 4; lastKnownFileType = sourcecode.c.h; path = "NSMutableURLRequest+Parameters.h"; sourceTree = "<group>"; };
		94E172AC151D1D610033CFF1 /* NSMutableURLRequest+Parameters.m */ = {isa = PBXFileReference; fileEncoding = 4; lastKnownFileType = sourcecode.c.objc; path = "NSMutableURLRequest+Parameters.m"; sourceTree = "<group>"; };
		94E172AD151D1D610033CFF1 /* NSString+URLEncoding.h */ = {isa = PBXFileReference; fileEncoding = 4; lastKnownFileType = sourcecode.c.h; path = "NSString+URLEncoding.h"; sourceTree = "<group>"; };
		94E172AE151D1D610033CFF1 /* NSString+URLEncoding.m */ = {isa = PBXFileReference; fileEncoding = 4; lastKnownFileType = sourcecode.c.objc; path = "NSString+URLEncoding.m"; sourceTree = "<group>"; };
		94E172AF151D1D610033CFF1 /* NSURL+Base.h */ = {isa = PBXFileReference; fileEncoding = 4; lastKnownFileType = sourcecode.c.h; path = "NSURL+Base.h"; sourceTree = "<group>"; };
		94E172B0151D1D610033CFF1 /* NSURL+Base.m */ = {isa = PBXFileReference; fileEncoding = 4; lastKnownFileType = sourcecode.c.objc; path = "NSURL+Base.m"; sourceTree = "<group>"; };
		94E172B2151D1D610033CFF1 /* Base64Transcoder.c */ = {isa = PBXFileReference; fileEncoding = 4; lastKnownFileType = sourcecode.c.c; path = Base64Transcoder.c; sourceTree = "<group>"; };
		94E172B3151D1D610033CFF1 /* Base64Transcoder.h */ = {isa = PBXFileReference; fileEncoding = 4; lastKnownFileType = sourcecode.c.h; path = Base64Transcoder.h; sourceTree = "<group>"; };
		94E172B4151D1D610033CFF1 /* hmac.c */ = {isa = PBXFileReference; fileEncoding = 4; lastKnownFileType = sourcecode.c.c; path = hmac.c; sourceTree = "<group>"; };
		94E172B5151D1D610033CFF1 /* hmac.h */ = {isa = PBXFileReference; fileEncoding = 4; lastKnownFileType = sourcecode.c.h; path = hmac.h; sourceTree = "<group>"; };
		94E172B6151D1D610033CFF1 /* sha1.c */ = {isa = PBXFileReference; fileEncoding = 4; lastKnownFileType = sourcecode.c.c; path = sha1.c; sourceTree = "<group>"; };
		94E172B7151D1D610033CFF1 /* sha1.h */ = {isa = PBXFileReference; fileEncoding = 4; lastKnownFileType = sourcecode.c.h; path = sha1.h; sourceTree = "<group>"; };
		94E172B8151D1D610033CFF1 /* OAAsynchronousDataFetcher.h */ = {isa = PBXFileReference; fileEncoding = 4; lastKnownFileType = sourcecode.c.h; path = OAAsynchronousDataFetcher.h; sourceTree = "<group>"; };
		94E172B9151D1D610033CFF1 /* OAAsynchronousDataFetcher.m */ = {isa = PBXFileReference; fileEncoding = 4; lastKnownFileType = sourcecode.c.objc; path = OAAsynchronousDataFetcher.m; sourceTree = "<group>"; };
		94E172BA151D1D610033CFF1 /* OAConsumer.h */ = {isa = PBXFileReference; fileEncoding = 4; lastKnownFileType = sourcecode.c.h; path = OAConsumer.h; sourceTree = "<group>"; };
		94E172BB151D1D610033CFF1 /* OAConsumer.m */ = {isa = PBXFileReference; fileEncoding = 4; lastKnownFileType = sourcecode.c.objc; path = OAConsumer.m; sourceTree = "<group>"; };
		94E172BC151D1D610033CFF1 /* OADataFetcher.h */ = {isa = PBXFileReference; fileEncoding = 4; lastKnownFileType = sourcecode.c.h; path = OADataFetcher.h; sourceTree = "<group>"; };
		94E172BD151D1D610033CFF1 /* OADataFetcher.m */ = {isa = PBXFileReference; fileEncoding = 4; lastKnownFileType = sourcecode.c.objc; path = OADataFetcher.m; sourceTree = "<group>"; };
		94E172BE151D1D610033CFF1 /* OAHMAC_SHA1SignatureProvider.h */ = {isa = PBXFileReference; fileEncoding = 4; lastKnownFileType = sourcecode.c.h; path = OAHMAC_SHA1SignatureProvider.h; sourceTree = "<group>"; };
		94E172BF151D1D610033CFF1 /* OAHMAC_SHA1SignatureProvider.m */ = {isa = PBXFileReference; fileEncoding = 4; lastKnownFileType = sourcecode.c.objc; path = OAHMAC_SHA1SignatureProvider.m; sourceTree = "<group>"; };
		94E172C0151D1D610033CFF1 /* OAMutableURLRequest.h */ = {isa = PBXFileReference; fileEncoding = 4; lastKnownFileType = sourcecode.c.h; path = OAMutableURLRequest.h; sourceTree = "<group>"; };
		94E172C1151D1D610033CFF1 /* OAMutableURLRequest.m */ = {isa = PBXFileReference; fileEncoding = 4; lastKnownFileType = sourcecode.c.objc; path = OAMutableURLRequest.m; sourceTree = "<group>"; };
		94E172C2151D1D610033CFF1 /* OAPlaintextSignatureProvider.h */ = {isa = PBXFileReference; fileEncoding = 4; lastKnownFileType = sourcecode.c.h; path = OAPlaintextSignatureProvider.h; sourceTree = "<group>"; };
		94E172C3151D1D610033CFF1 /* OAPlaintextSignatureProvider.m */ = {isa = PBXFileReference; fileEncoding = 4; lastKnownFileType = sourcecode.c.objc; path = OAPlaintextSignatureProvider.m; sourceTree = "<group>"; };
		94E172C4151D1D610033CFF1 /* OARequestParameter.h */ = {isa = PBXFileReference; fileEncoding = 4; lastKnownFileType = sourcecode.c.h; path = OARequestParameter.h; sourceTree = "<group>"; };
		94E172C5151D1D610033CFF1 /* OARequestParameter.m */ = {isa = PBXFileReference; fileEncoding = 4; lastKnownFileType = sourcecode.c.objc; path = OARequestParameter.m; sourceTree = "<group>"; };
		94E172C6151D1D610033CFF1 /* OAServiceTicket.h */ = {isa = PBXFileReference; fileEncoding = 4; lastKnownFileType = sourcecode.c.h; path = OAServiceTicket.h; sourceTree = "<group>"; };
		94E172C7151D1D610033CFF1 /* OAServiceTicket.m */ = {isa = PBXFileReference; fileEncoding = 4; lastKnownFileType = sourcecode.c.objc; path = OAServiceTicket.m; sourceTree = "<group>"; };
		94E172C8151D1D610033CFF1 /* OASignatureProviding.h */ = {isa = PBXFileReference; fileEncoding = 4; lastKnownFileType = sourcecode.c.h; path = OASignatureProviding.h; sourceTree = "<group>"; };
		94E172C9151D1D610033CFF1 /* OAToken.h */ = {isa = PBXFileReference; fileEncoding = 4; lastKnownFileType = sourcecode.c.h; path = OAToken.h; sourceTree = "<group>"; };
		94E172CA151D1D610033CFF1 /* OAToken.m */ = {isa = PBXFileReference; fileEncoding = 4; lastKnownFileType = sourcecode.c.objc; path = OAToken.m; sourceTree = "<group>"; };
		94E172CB151D1D610033CFF1 /* OAuthConsumer.h */ = {isa = PBXFileReference; fileEncoding = 4; lastKnownFileType = sourcecode.c.h; path = OAuthConsumer.h; sourceTree = "<group>"; };
		94E172CC151D1D610033CFF1 /* SHKRequest.h */ = {isa = PBXFileReference; fileEncoding = 4; lastKnownFileType = sourcecode.c.h; path = SHKRequest.h; sourceTree = "<group>"; };
		94E172CD151D1D610033CFF1 /* SHKRequest.m */ = {isa = PBXFileReference; fileEncoding = 4; lastKnownFileType = sourcecode.c.objc; path = SHKRequest.m; sourceTree = "<group>"; };
		94E172CE151D1D610033CFF1 /* SHK.h */ = {isa = PBXFileReference; fileEncoding = 4; lastKnownFileType = sourcecode.c.h; path = SHK.h; sourceTree = "<group>"; };
		94E172CF151D1D610033CFF1 /* SHK.m */ = {isa = PBXFileReference; fileEncoding = 4; lastKnownFileType = sourcecode.c.objc; path = SHK.m; sourceTree = "<group>"; };
		94E172D0151D1D610033CFF1 /* SHKItem.h */ = {isa = PBXFileReference; fileEncoding = 4; lastKnownFileType = sourcecode.c.h; path = SHKItem.h; sourceTree = "<group>"; };
		94E172D1151D1D610033CFF1 /* SHKItem.m */ = {isa = PBXFileReference; fileEncoding = 4; lastKnownFileType = sourcecode.c.objc; path = SHKItem.m; sourceTree = "<group>"; };
		94E172D2151D1D610033CFF1 /* SHKOfflineSharer.h */ = {isa = PBXFileReference; fileEncoding = 4; lastKnownFileType = sourcecode.c.h; path = SHKOfflineSharer.h; sourceTree = "<group>"; };
		94E172D3151D1D610033CFF1 /* SHKOfflineSharer.m */ = {isa = PBXFileReference; fileEncoding = 4; lastKnownFileType = sourcecode.c.objc; path = SHKOfflineSharer.m; sourceTree = "<group>"; };
		94E172D4151D1D610033CFF1 /* SHKSharers.plist */ = {isa = PBXFileReference; fileEncoding = 4; lastKnownFileType = text.plist.xml; path = SHKSharers.plist; sourceTree = "<group>"; };
		94E172D6151D1D610033CFF1 /* SHKCustomFormController.h */ = {isa = PBXFileReference; fileEncoding = 4; lastKnownFileType = sourcecode.c.h; path = SHKCustomFormController.h; sourceTree = "<group>"; };
		94E172D7151D1D610033CFF1 /* SHKCustomFormController.m */ = {isa = PBXFileReference; fileEncoding = 4; lastKnownFileType = sourcecode.c.objc; path = SHKCustomFormController.m; sourceTree = "<group>"; };
		94E172D8151D1D610033CFF1 /* SHKCustomFormFieldCell.h */ = {isa = PBXFileReference; fileEncoding = 4; lastKnownFileType = sourcecode.c.h; path = SHKCustomFormFieldCell.h; sourceTree = "<group>"; };
		94E172D9151D1D610033CFF1 /* SHKCustomFormFieldCell.m */ = {isa = PBXFileReference; fileEncoding = 4; lastKnownFileType = sourcecode.c.objc; path = SHKCustomFormFieldCell.m; sourceTree = "<group>"; };
		94E172DA151D1D610033CFF1 /* SHKCustomShareMenu.h */ = {isa = PBXFileReference; fileEncoding = 4; lastKnownFileType = sourcecode.c.h; path = SHKCustomShareMenu.h; sourceTree = "<group>"; };
		94E172DB151D1D610033CFF1 /* SHKCustomShareMenu.m */ = {isa = PBXFileReference; fileEncoding = 4; lastKnownFileType = sourcecode.c.objc; path = SHKCustomShareMenu.m; sourceTree = "<group>"; };
		94E172DC151D1D610033CFF1 /* SHKCustomShareMenuCell.h */ = {isa = PBXFileReference; fileEncoding = 4; lastKnownFileType = sourcecode.c.h; path = SHKCustomShareMenuCell.h; sourceTree = "<group>"; };
		94E172DD151D1D610033CFF1 /* SHKCustomShareMenuCell.m */ = {isa = PBXFileReference; fileEncoding = 4; lastKnownFileType = sourcecode.c.objc; path = SHKCustomShareMenuCell.m; sourceTree = "<group>"; };
		94E172E0151D1D610033CFF1 /* de */ = {isa = PBXFileReference; lastKnownFileType = text.plist.strings; name = de; path = de.lproj/Localizable.strings; sourceTree = "<group>"; };
		94E172E1151D1D610033CFF1 /* en */ = {isa = PBXFileReference; lastKnownFileType = text.plist.strings; name = en; path = en.lproj/Localizable.strings; sourceTree = "<group>"; };
		94E172E3151D1D610033CFF1 /* Reachability.h */ = {isa = PBXFileReference; fileEncoding = 4; lastKnownFileType = sourcecode.c.h; path = Reachability.h; sourceTree = "<group>"; };
		94E172E4151D1D610033CFF1 /* Reachability.m */ = {isa = PBXFileReference; fileEncoding = 4; lastKnownFileType = sourcecode.c.objc; path = Reachability.m; sourceTree = "<group>"; };
		94E172E8151D1D610033CFF1 /* SHKCopy.h */ = {isa = PBXFileReference; fileEncoding = 4; lastKnownFileType = sourcecode.c.h; path = SHKCopy.h; sourceTree = "<group>"; };
		94E172E9151D1D610033CFF1 /* SHKCopy.m */ = {isa = PBXFileReference; fileEncoding = 4; lastKnownFileType = sourcecode.c.objc; path = SHKCopy.m; sourceTree = "<group>"; };
		94E172EB151D1D610033CFF1 /* SHKMail.h */ = {isa = PBXFileReference; fileEncoding = 4; lastKnownFileType = sourcecode.c.h; path = SHKMail.h; sourceTree = "<group>"; };
		94E172EC151D1D610033CFF1 /* SHKMail.m */ = {isa = PBXFileReference; fileEncoding = 4; lastKnownFileType = sourcecode.c.objc; path = SHKMail.m; sourceTree = "<group>"; };
		94E172EE151D1D610033CFF1 /* SHKSafari.h */ = {isa = PBXFileReference; fileEncoding = 4; lastKnownFileType = sourcecode.c.h; path = SHKSafari.h; sourceTree = "<group>"; };
		94E172EF151D1D610033CFF1 /* SHKSafari.m */ = {isa = PBXFileReference; fileEncoding = 4; lastKnownFileType = sourcecode.c.objc; path = SHKSafari.m; sourceTree = "<group>"; };
		94E172F1151D1D610033CFF1 /* SHKPhotoAlbum.h */ = {isa = PBXFileReference; fileEncoding = 4; lastKnownFileType = sourcecode.c.h; path = SHKPhotoAlbum.h; sourceTree = "<group>"; };
		94E172F2151D1D610033CFF1 /* SHKPhotoAlbum.m */ = {isa = PBXFileReference; fileEncoding = 4; lastKnownFileType = sourcecode.c.objc; path = SHKPhotoAlbum.m; sourceTree = "<group>"; };
		94E172F5151D1D610033CFF1 /* SHKDelicious.h */ = {isa = PBXFileReference; fileEncoding = 4; lastKnownFileType = sourcecode.c.h; path = SHKDelicious.h; sourceTree = "<group>"; };
		94E172F6151D1D610033CFF1 /* SHKDelicious.m */ = {isa = PBXFileReference; fileEncoding = 4; lastKnownFileType = sourcecode.c.objc; path = SHKDelicious.m; sourceTree = "<group>"; };
		94E172F9151D1D610033CFF1 /* FBConnect.bundle */ = {isa = PBXFileReference; lastKnownFileType = "wrapper.plug-in"; path = FBConnect.bundle; sourceTree = "<group>"; };
		94E172FA151D1D610033CFF1 /* FBConnect.h */ = {isa = PBXFileReference; fileEncoding = 4; lastKnownFileType = sourcecode.c.h; path = FBConnect.h; sourceTree = "<group>"; };
		94E172FB151D1D610033CFF1 /* FBConnectGlobal.h */ = {isa = PBXFileReference; fileEncoding = 4; lastKnownFileType = sourcecode.c.h; path = FBConnectGlobal.h; sourceTree = "<group>"; };
		94E172FC151D1D610033CFF1 /* FBConnectGlobal.m */ = {isa = PBXFileReference; fileEncoding = 4; lastKnownFileType = sourcecode.c.objc; path = FBConnectGlobal.m; sourceTree = "<group>"; };
		94E172FD151D1D610033CFF1 /* FBDialog.h */ = {isa = PBXFileReference; fileEncoding = 4; lastKnownFileType = sourcecode.c.h; path = FBDialog.h; sourceTree = "<group>"; };
		94E172FE151D1D610033CFF1 /* FBDialog.m */ = {isa = PBXFileReference; fileEncoding = 4; lastKnownFileType = sourcecode.c.objc; path = FBDialog.m; sourceTree = "<group>"; };
		94E172FF151D1D610033CFF1 /* FBFeedDialog.h */ = {isa = PBXFileReference; fileEncoding = 4; lastKnownFileType = sourcecode.c.h; path = FBFeedDialog.h; sourceTree = "<group>"; };
		94E17300151D1D610033CFF1 /* FBFeedDialog.m */ = {isa = PBXFileReference; fileEncoding = 4; lastKnownFileType = sourcecode.c.objc; path = FBFeedDialog.m; sourceTree = "<group>"; };
		94E17301151D1D610033CFF1 /* FBLoginButton.h */ = {isa = PBXFileReference; fileEncoding = 4; lastKnownFileType = sourcecode.c.h; path = FBLoginButton.h; sourceTree = "<group>"; };
		94E17302151D1D610033CFF1 /* FBLoginButton.m */ = {isa = PBXFileReference; fileEncoding = 4; lastKnownFileType = sourcecode.c.objc; path = FBLoginButton.m; sourceTree = "<group>"; };
		94E17303151D1D610033CFF1 /* FBLoginDialog.h */ = {isa = PBXFileReference; fileEncoding = 4; lastKnownFileType = sourcecode.c.h; path = FBLoginDialog.h; sourceTree = "<group>"; };
		94E17304151D1D610033CFF1 /* FBLoginDialog.m */ = {isa = PBXFileReference; fileEncoding = 4; lastKnownFileType = sourcecode.c.objc; path = FBLoginDialog.m; sourceTree = "<group>"; };
		94E17305151D1D610033CFF1 /* FBPermissionDialog.h */ = {isa = PBXFileReference; fileEncoding = 4; lastKnownFileType = sourcecode.c.h; path = FBPermissionDialog.h; sourceTree = "<group>"; };
		94E17306151D1D610033CFF1 /* FBPermissionDialog.m */ = {isa = PBXFileReference; fileEncoding = 4; lastKnownFileType = sourcecode.c.objc; path = FBPermissionDialog.m; sourceTree = "<group>"; };
		94E17307151D1D610033CFF1 /* FBRequest.h */ = {isa = PBXFileReference; fileEncoding = 4; lastKnownFileType = sourcecode.c.h; path = FBRequest.h; sourceTree = "<group>"; };
		94E17308151D1D610033CFF1 /* FBRequest.m */ = {isa = PBXFileReference; fileEncoding = 4; lastKnownFileType = sourcecode.c.objc; path = FBRequest.m; sourceTree = "<group>"; };
		94E17309151D1D610033CFF1 /* FBSession.h */ = {isa = PBXFileReference; fileEncoding = 4; lastKnownFileType = sourcecode.c.h; path = FBSession.h; sourceTree = "<group>"; };
		94E1730A151D1D610033CFF1 /* FBSession.m */ = {isa = PBXFileReference; fileEncoding = 4; lastKnownFileType = sourcecode.c.objc; path = FBSession.m; sourceTree = "<group>"; };
		94E1730B151D1D610033CFF1 /* FBStreamDialog.h */ = {isa = PBXFileReference; fileEncoding = 4; lastKnownFileType = sourcecode.c.h; path = FBStreamDialog.h; sourceTree = "<group>"; };
		94E1730C151D1D610033CFF1 /* FBStreamDialog.m */ = {isa = PBXFileReference; fileEncoding = 4; lastKnownFileType = sourcecode.c.objc; path = FBStreamDialog.m; sourceTree = "<group>"; };
		94E1730D151D1D610033CFF1 /* FBXMLHandler.h */ = {isa = PBXFileReference; fileEncoding = 4; lastKnownFileType = sourcecode.c.h; path = FBXMLHandler.h; sourceTree = "<group>"; };
		94E1730E151D1D610033CFF1 /* FBXMLHandler.m */ = {isa = PBXFileReference; fileEncoding = 4; lastKnownFileType = sourcecode.c.objc; path = FBXMLHandler.m; sourceTree = "<group>"; };
		94E1730F151D1D610033CFF1 /* SHKFacebook.h */ = {isa = PBXFileReference; fileEncoding = 4; lastKnownFileType = sourcecode.c.h; path = SHKFacebook.h; sourceTree = "<group>"; };
		94E17310151D1D610033CFF1 /* SHKFacebook.m */ = {isa = PBXFileReference; fileEncoding = 4; lastKnownFileType = sourcecode.c.objc; path = SHKFacebook.m; sourceTree = "<group>"; };
		94E17311151D1D610033CFF1 /* SHKFBStreamDialog.h */ = {isa = PBXFileReference; fileEncoding = 4; lastKnownFileType = sourcecode.c.h; path = SHKFBStreamDialog.h; sourceTree = "<group>"; };
		94E17312151D1D610033CFF1 /* SHKFBStreamDialog.m */ = {isa = PBXFileReference; fileEncoding = 4; lastKnownFileType = sourcecode.c.objc; path = SHKFBStreamDialog.m; sourceTree = "<group>"; };
		94E17314151D1D610033CFF1 /* SHKGoogleReader.h */ = {isa = PBXFileReference; fileEncoding = 4; lastKnownFileType = sourcecode.c.h; path = SHKGoogleReader.h; sourceTree = "<group>"; };
		94E17315151D1D610033CFF1 /* SHKGoogleReader.m */ = {isa = PBXFileReference; fileEncoding = 4; lastKnownFileType = sourcecode.c.objc; path = SHKGoogleReader.m; sourceTree = "<group>"; };
		94E17317151D1D610033CFF1 /* SHKInstapaper.h */ = {isa = PBXFileReference; fileEncoding = 4; lastKnownFileType = sourcecode.c.h; path = SHKInstapaper.h; sourceTree = "<group>"; };
		94E17318151D1D610033CFF1 /* SHKInstapaper.m */ = {isa = PBXFileReference; fileEncoding = 4; lastKnownFileType = sourcecode.c.objc; path = SHKInstapaper.m; sourceTree = "<group>"; };
		94E1731A151D1D610033CFF1 /* SHKPinboard.h */ = {isa = PBXFileReference; fileEncoding = 4; lastKnownFileType = sourcecode.c.h; path = SHKPinboard.h; sourceTree = "<group>"; };
		94E1731B151D1D610033CFF1 /* SHKPinboard.m */ = {isa = PBXFileReference; fileEncoding = 4; lastKnownFileType = sourcecode.c.objc; path = SHKPinboard.m; sourceTree = "<group>"; };
		94E1731D151D1D610033CFF1 /* SHKReadItLater.h */ = {isa = PBXFileReference; fileEncoding = 4; lastKnownFileType = sourcecode.c.h; path = SHKReadItLater.h; sourceTree = "<group>"; };
		94E1731E151D1D610033CFF1 /* SHKReadItLater.m */ = {isa = PBXFileReference; fileEncoding = 4; lastKnownFileType = sourcecode.c.objc; path = SHKReadItLater.m; sourceTree = "<group>"; };
		94E17320151D1D610033CFF1 /* SHKTumblr.h */ = {isa = PBXFileReference; fileEncoding = 4; lastKnownFileType = sourcecode.c.h; path = SHKTumblr.h; sourceTree = "<group>"; };
		94E17321151D1D610033CFF1 /* SHKTumblr.m */ = {isa = PBXFileReference; fileEncoding = 4; lastKnownFileType = sourcecode.c.objc; path = SHKTumblr.m; sourceTree = "<group>"; };
		94E17323151D1D610033CFF1 /* SHKTwitter.h */ = {isa = PBXFileReference; fileEncoding = 4; lastKnownFileType = sourcecode.c.h; path = SHKTwitter.h; sourceTree = "<group>"; };
		94E17324151D1D610033CFF1 /* SHKTwitter.m */ = {isa = PBXFileReference; fileEncoding = 4; lastKnownFileType = sourcecode.c.objc; path = SHKTwitter.m; sourceTree = "<group>"; };
		94E17325151D1D610033CFF1 /* SHKTwitterForm.h */ = {isa = PBXFileReference; fileEncoding = 4; lastKnownFileType = sourcecode.c.h; path = SHKTwitterForm.h; sourceTree = "<group>"; };
		94E17326151D1D610033CFF1 /* SHKTwitterForm.m */ = {isa = PBXFileReference; fileEncoding = 4; lastKnownFileType = sourcecode.c.objc; path = SHKTwitterForm.m; sourceTree = "<group>"; };
		94E17327151D1D610033CFF1 /* SHKConfig.h */ = {isa = PBXFileReference; fileEncoding = 4; lastKnownFileType = sourcecode.c.h; path = SHKConfig.h; sourceTree = "<group>"; };
		94E17329151D1D610033CFF1 /* SHKActionSheet.h */ = {isa = PBXFileReference; fileEncoding = 4; lastKnownFileType = sourcecode.c.h; path = SHKActionSheet.h; sourceTree = "<group>"; };
		94E1732A151D1D610033CFF1 /* SHKActionSheet.m */ = {isa = PBXFileReference; fileEncoding = 4; lastKnownFileType = sourcecode.c.objc; path = SHKActionSheet.m; sourceTree = "<group>"; };
		94E1732B151D1D610033CFF1 /* SHKActivityIndicator.h */ = {isa = PBXFileReference; fileEncoding = 4; lastKnownFileType = sourcecode.c.h; path = SHKActivityIndicator.h; sourceTree = "<group>"; };
		94E1732C151D1D610033CFF1 /* SHKActivityIndicator.m */ = {isa = PBXFileReference; fileEncoding = 4; lastKnownFileType = sourcecode.c.objc; path = SHKActivityIndicator.m; sourceTree = "<group>"; };
		94E1732D151D1D610033CFF1 /* SHKFormController.h */ = {isa = PBXFileReference; fileEncoding = 4; lastKnownFileType = sourcecode.c.h; path = SHKFormController.h; sourceTree = "<group>"; };
		94E1732E151D1D610033CFF1 /* SHKFormController.m */ = {isa = PBXFileReference; fileEncoding = 4; lastKnownFileType = sourcecode.c.objc; path = SHKFormController.m; sourceTree = "<group>"; };
		94E1732F151D1D610033CFF1 /* SHKFormFieldCell.h */ = {isa = PBXFileReference; fileEncoding = 4; lastKnownFileType = sourcecode.c.h; path = SHKFormFieldCell.h; sourceTree = "<group>"; };
		94E17330151D1D610033CFF1 /* SHKFormFieldCell.m */ = {isa = PBXFileReference; fileEncoding = 4; lastKnownFileType = sourcecode.c.objc; path = SHKFormFieldCell.m; sourceTree = "<group>"; };
		94E17331151D1D610033CFF1 /* SHKFormFieldSettings.h */ = {isa = PBXFileReference; fileEncoding = 4; lastKnownFileType = sourcecode.c.h; path = SHKFormFieldSettings.h; sourceTree = "<group>"; };
		94E17332151D1D610033CFF1 /* SHKFormFieldSettings.m */ = {isa = PBXFileReference; fileEncoding = 4; lastKnownFileType = sourcecode.c.objc; path = SHKFormFieldSettings.m; sourceTree = "<group>"; };
		94E17333151D1D610033CFF1 /* SHKOAuthView.h */ = {isa = PBXFileReference; fileEncoding = 4; lastKnownFileType = sourcecode.c.h; path = SHKOAuthView.h; sourceTree = "<group>"; };
		94E17334151D1D610033CFF1 /* SHKOAuthView.m */ = {isa = PBXFileReference; fileEncoding = 4; lastKnownFileType = sourcecode.c.objc; path = SHKOAuthView.m; sourceTree = "<group>"; };
		94E17335151D1D610033CFF1 /* SHKShareMenu.h */ = {isa = PBXFileReference; fileEncoding = 4; lastKnownFileType = sourcecode.c.h; path = SHKShareMenu.h; sourceTree = "<group>"; };
		94E17336151D1D610033CFF1 /* SHKShareMenu.m */ = {isa = PBXFileReference; fileEncoding = 4; lastKnownFileType = sourcecode.c.objc; path = SHKShareMenu.m; sourceTree = "<group>"; };
		94E17337151D1D610033CFF1 /* SHKViewControllerWrapper.h */ = {isa = PBXFileReference; fileEncoding = 4; lastKnownFileType = sourcecode.c.h; path = SHKViewControllerWrapper.h; sourceTree = "<group>"; };
		94E17338151D1D610033CFF1 /* SHKViewControllerWrapper.m */ = {isa = PBXFileReference; fileEncoding = 4; lastKnownFileType = sourcecode.c.objc; path = SHKViewControllerWrapper.m; sourceTree = "<group>"; };
		94E17378151D1D7E0033CFF1 /* SystemConfiguration.framework */ = {isa = PBXFileReference; lastKnownFileType = wrapper.framework; name = SystemConfiguration.framework; path = System/Library/Frameworks/SystemConfiguration.framework; sourceTree = SDKROOT; };
		94E1737A151D1D820033CFF1 /* MessageUI.framework */ = {isa = PBXFileReference; lastKnownFileType = wrapper.framework; name = MessageUI.framework; path = System/Library/Frameworks/MessageUI.framework; sourceTree = SDKROOT; };
		94E1737C151D1D870033CFF1 /* Security.framework */ = {isa = PBXFileReference; lastKnownFileType = wrapper.framework; name = Security.framework; path = System/Library/Frameworks/Security.framework; sourceTree = SDKROOT; };
/* End PBXFileReference section */

/* Begin PBXFrameworksBuildPhase section */
		94E1726D151D1CB30033CFF1 /* Frameworks */ = {
			isa = PBXFrameworksBuildPhase;
			buildActionMask = 2147483647;
			files = (
				94E1737E151D1D910033CFF1 /* SystemConfiguration.framework in Frameworks */,
				94E17275151D1CB30033CFF1 /* UIKit.framework in Frameworks */,
				94E17277151D1CB30033CFF1 /* Foundation.framework in Frameworks */,
				94E17380151D1D950033CFF1 /* Security.framework in Frameworks */,
				94E1737F151D1D930033CFF1 /* MessageUI.framework in Frameworks */,
				94E17279151D1CB30033CFF1 /* CoreGraphics.framework in Frameworks */,
			);
			runOnlyForDeploymentPostprocessing = 0;
		};
/* End PBXFrameworksBuildPhase section */

/* Begin PBXGroup section */
		94E17265151D1CB30033CFF1 = {
			isa = PBXGroup;
			children = (
				94E1727A151D1CB30033CFF1 /* BufferShareKit */,
				94E17273151D1CB30033CFF1 /* Frameworks */,
				94E17271151D1CB30033CFF1 /* Products */,
			);
			sourceTree = "<group>";
		};
		94E17271151D1CB30033CFF1 /* Products */ = {
			isa = PBXGroup;
			children = (
				94E17270151D1CB30033CFF1 /* BufferShareKit.app */,
			);
			name = Products;
			sourceTree = "<group>";
		};
		94E17273151D1CB30033CFF1 /* Frameworks */ = {
			isa = PBXGroup;
			children = (
				94E1737C151D1D870033CFF1 /* Security.framework */,
				94E1737A151D1D820033CFF1 /* MessageUI.framework */,
				94E17378151D1D7E0033CFF1 /* SystemConfiguration.framework */,
				94E17274151D1CB30033CFF1 /* UIKit.framework */,
				94E17276151D1CB30033CFF1 /* Foundation.framework */,
				94E17278151D1CB30033CFF1 /* CoreGraphics.framework */,
			);
			name = Frameworks;
			sourceTree = "<group>";
		};
		94E1727A151D1CB30033CFF1 /* BufferShareKit */ = {
			isa = PBXGroup;
			children = (
				94E17283151D1CB30033CFF1 /* AppDelegate.h */,
				94E17284151D1CB30033CFF1 /* AppDelegate.m */,
				94E17286151D1CB30033CFF1 /* ViewController.h */,
				94E17287151D1CB30033CFF1 /* ViewController.m */,
				94E17289151D1CB30033CFF1 /* ViewController_iPhone.xib */,
				94E1728C151D1CB30033CFF1 /* ViewController_iPad.xib */,
				94E1729B151D1D610033CFF1 /* ShareKit */,
				94E1727B151D1CB30033CFF1 /* Supporting Files */,
			);
			path = BufferShareKit;
			sourceTree = "<group>";
		};
		94E1727B151D1CB30033CFF1 /* Supporting Files */ = {
			isa = PBXGroup;
			children = (
				94E1727C151D1CB30033CFF1 /* BufferShareKit-Info.plist */,
				94E1727D151D1CB30033CFF1 /* InfoPlist.strings */,
				94E17280151D1CB30033CFF1 /* main.m */,
				94E17282151D1CB30033CFF1 /* BufferShareKit-Prefix.pch */,
			);
			name = "Supporting Files";
			sourceTree = "<group>";
		};
		94E1729B151D1D610033CFF1 /* ShareKit */ = {
			isa = PBXGroup;
			children = (
				94E1729C151D1D610033CFF1 /* Core */,
				94E172D5151D1D610033CFF1 /* Customize UI */,
				94E172DE151D1D610033CFF1 /* Localization */,
				94E172E2151D1D610033CFF1 /* Reachability */,
				94E172E5151D1D610033CFF1 /* Sharers */,
				94E17327151D1D610033CFF1 /* SHKConfig.h */,
				94E17328151D1D610033CFF1 /* UI */,
			);
			path = ShareKit;
			sourceTree = "<group>";
		};
		94E1729C151D1D610033CFF1 /* Core */ = {
			isa = PBXGroup;
			children = (
				94E1729D151D1D610033CFF1 /* Base Sharer Classes */,
				94E172A2151D1D610033CFF1 /* Categories */,
				94E172A5151D1D610033CFF1 /* Helpers */,
				94E172CE151D1D610033CFF1 /* SHK.h */,
				94E172CF151D1D610033CFF1 /* SHK.m */,
				94E172D0151D1D610033CFF1 /* SHKItem.h */,
				94E172D1151D1D610033CFF1 /* SHKItem.m */,
				94E172D2151D1D610033CFF1 /* SHKOfflineSharer.h */,
				94E172D3151D1D610033CFF1 /* SHKOfflineSharer.m */,
				94E172D4151D1D610033CFF1 /* SHKSharers.plist */,
			);
			path = Core;
			sourceTree = "<group>";
		};
		94E1729D151D1D610033CFF1 /* Base Sharer Classes */ = {
			isa = PBXGroup;
			children = (
				94E1729E151D1D610033CFF1 /* SHKOAuthSharer.h */,
				94E1729F151D1D610033CFF1 /* SHKOAuthSharer.m */,
				94E172A0151D1D610033CFF1 /* SHKSharer.h */,
				94E172A1151D1D610033CFF1 /* SHKSharer.m */,
			);
			path = "Base Sharer Classes";
			sourceTree = "<group>";
		};
		94E172A2151D1D610033CFF1 /* Categories */ = {
			isa = PBXGroup;
			children = (
				94E172A3151D1D610033CFF1 /* UIWebView+SHK.h */,
				94E172A4151D1D610033CFF1 /* UIWebView+SHK.m */,
			);
			path = Categories;
			sourceTree = "<group>";
		};
		94E172A5151D1D610033CFF1 /* Helpers */ = {
			isa = PBXGroup;
			children = (
				94E172A6151D1D610033CFF1 /* Keychain */,
				94E172A9151D1D610033CFF1 /* OAuth */,
				94E172CC151D1D610033CFF1 /* SHKRequest.h */,
				94E172CD151D1D610033CFF1 /* SHKRequest.m */,
			);
			path = Helpers;
			sourceTree = "<group>";
		};
		94E172A6151D1D610033CFF1 /* Keychain */ = {
			isa = PBXGroup;
			children = (
				94E172A7151D1D610033CFF1 /* SFHFKeychainUtils.h */,
				94E172A8151D1D610033CFF1 /* SFHFKeychainUtils.m */,
			);
			path = Keychain;
			sourceTree = "<group>";
		};
		94E172A9151D1D610033CFF1 /* OAuth */ = {
			isa = PBXGroup;
			children = (
				94E172AA151D1D610033CFF1 /* Categories */,
				94E172B1151D1D610033CFF1 /* Crytpo */,
				94E172B8151D1D610033CFF1 /* OAAsynchronousDataFetcher.h */,
				94E172B9151D1D610033CFF1 /* OAAsynchronousDataFetcher.m */,
				94E172BA151D1D610033CFF1 /* OAConsumer.h */,
				94E172BB151D1D610033CFF1 /* OAConsumer.m */,
				94E172BC151D1D610033CFF1 /* OADataFetcher.h */,
				94E172BD151D1D610033CFF1 /* OADataFetcher.m */,
				94E172BE151D1D610033CFF1 /* OAHMAC_SHA1SignatureProvider.h */,
				94E172BF151D1D610033CFF1 /* OAHMAC_SHA1SignatureProvider.m */,
				94E172C0151D1D610033CFF1 /* OAMutableURLRequest.h */,
				94E172C1151D1D610033CFF1 /* OAMutableURLRequest.m */,
				94E172C2151D1D610033CFF1 /* OAPlaintextSignatureProvider.h */,
				94E172C3151D1D610033CFF1 /* OAPlaintextSignatureProvider.m */,
				94E172C4151D1D610033CFF1 /* OARequestParameter.h */,
				94E172C5151D1D610033CFF1 /* OARequestParameter.m */,
				94E172C6151D1D610033CFF1 /* OAServiceTicket.h */,
				94E172C7151D1D610033CFF1 /* OAServiceTicket.m */,
				94E172C8151D1D610033CFF1 /* OASignatureProviding.h */,
				94E172C9151D1D610033CFF1 /* OAToken.h */,
				94E172CA151D1D610033CFF1 /* OAToken.m */,
				94E172CB151D1D610033CFF1 /* OAuthConsumer.h */,
			);
			path = OAuth;
			sourceTree = "<group>";
		};
		94E172AA151D1D610033CFF1 /* Categories */ = {
			isa = PBXGroup;
			children = (
				94E172AB151D1D610033CFF1 /* NSMutableURLRequest+Parameters.h */,
				94E172AC151D1D610033CFF1 /* NSMutableURLRequest+Parameters.m */,
				94E172AD151D1D610033CFF1 /* NSString+URLEncoding.h */,
				94E172AE151D1D610033CFF1 /* NSString+URLEncoding.m */,
				94E172AF151D1D610033CFF1 /* NSURL+Base.h */,
				94E172B0151D1D610033CFF1 /* NSURL+Base.m */,
			);
			path = Categories;
			sourceTree = "<group>";
		};
		94E172B1151D1D610033CFF1 /* Crytpo */ = {
			isa = PBXGroup;
			children = (
				94E172B2151D1D610033CFF1 /* Base64Transcoder.c */,
				94E172B3151D1D610033CFF1 /* Base64Transcoder.h */,
				94E172B4151D1D610033CFF1 /* hmac.c */,
				94E172B5151D1D610033CFF1 /* hmac.h */,
				94E172B6151D1D610033CFF1 /* sha1.c */,
				94E172B7151D1D610033CFF1 /* sha1.h */,
			);
			path = Crytpo;
			sourceTree = "<group>";
		};
		94E172D5151D1D610033CFF1 /* Customize UI */ = {
			isa = PBXGroup;
			children = (
				94E172D6151D1D610033CFF1 /* SHKCustomFormController.h */,
				94E172D7151D1D610033CFF1 /* SHKCustomFormController.m */,
				94E172D8151D1D610033CFF1 /* SHKCustomFormFieldCell.h */,
				94E172D9151D1D610033CFF1 /* SHKCustomFormFieldCell.m */,
				94E172DA151D1D610033CFF1 /* SHKCustomShareMenu.h */,
				94E172DB151D1D610033CFF1 /* SHKCustomShareMenu.m */,
				94E172DC151D1D610033CFF1 /* SHKCustomShareMenuCell.h */,
				94E172DD151D1D610033CFF1 /* SHKCustomShareMenuCell.m */,
			);
			path = "Customize UI";
			sourceTree = "<group>";
		};
		94E172DE151D1D610033CFF1 /* Localization */ = {
			isa = PBXGroup;
			children = (
				94E172DF151D1D610033CFF1 /* Localizable.strings */,
			);
			path = Localization;
			sourceTree = "<group>";
		};
		94E172E2151D1D610033CFF1 /* Reachability */ = {
			isa = PBXGroup;
			children = (
				94E172E3151D1D610033CFF1 /* Reachability.h */,
				94E172E4151D1D610033CFF1 /* Reachability.m */,
			);
			path = Reachability;
			sourceTree = "<group>";
		};
		94E172E5151D1D610033CFF1 /* Sharers */ = {
			isa = PBXGroup;
			children = (
				94E172E6151D1D610033CFF1 /* Actions */,
				94E172F3151D1D610033CFF1 /* Services */,
			);
			path = Sharers;
			sourceTree = "<group>";
		};
		94E172E6151D1D610033CFF1 /* Actions */ = {
			isa = PBXGroup;
			children = (
				94E172E7151D1D610033CFF1 /* Copy */,
				94E172EA151D1D610033CFF1 /* Email */,
				94E172ED151D1D610033CFF1 /* Open in Safari */,
				94E172F0151D1D610033CFF1 /* Save to Album */,
			);
			path = Actions;
			sourceTree = "<group>";
		};
		94E172E7151D1D610033CFF1 /* Copy */ = {
			isa = PBXGroup;
			children = (
				94E172E8151D1D610033CFF1 /* SHKCopy.h */,
				94E172E9151D1D610033CFF1 /* SHKCopy.m */,
			);
			path = Copy;
			sourceTree = "<group>";
		};
		94E172EA151D1D610033CFF1 /* Email */ = {
			isa = PBXGroup;
			children = (
				94E172EB151D1D610033CFF1 /* SHKMail.h */,
				94E172EC151D1D610033CFF1 /* SHKMail.m */,
			);
			path = Email;
			sourceTree = "<group>";
		};
		94E172ED151D1D610033CFF1 /* Open in Safari */ = {
			isa = PBXGroup;
			children = (
				94E172EE151D1D610033CFF1 /* SHKSafari.h */,
				94E172EF151D1D610033CFF1 /* SHKSafari.m */,
			);
			path = "Open in Safari";
			sourceTree = "<group>";
		};
		94E172F0151D1D610033CFF1 /* Save to Album */ = {
			isa = PBXGroup;
			children = (
				94E172F1151D1D610033CFF1 /* SHKPhotoAlbum.h */,
				94E172F2151D1D610033CFF1 /* SHKPhotoAlbum.m */,
			);
			path = "Save to Album";
			sourceTree = "<group>";
		};
		94E172F3151D1D610033CFF1 /* Services */ = {
			isa = PBXGroup;
			children = (
				94E172F4151D1D610033CFF1 /* Delicious */,
				94E172F7151D1D610033CFF1 /* Facebook */,
				94E17313151D1D610033CFF1 /* Google Reader */,
				94E17316151D1D610033CFF1 /* Instapaper */,
				94E17319151D1D610033CFF1 /* Pinboard */,
				94E1731C151D1D610033CFF1 /* Read It Later */,
				94E1731F151D1D610033CFF1 /* Tumblr */,
				94E17322151D1D610033CFF1 /* Twitter */,
			);
			path = Services;
			sourceTree = "<group>";
		};
		94E172F4151D1D610033CFF1 /* Delicious */ = {
			isa = PBXGroup;
			children = (
				94E172F5151D1D610033CFF1 /* SHKDelicious.h */,
				94E172F6151D1D610033CFF1 /* SHKDelicious.m */,
			);
			path = Delicious;
			sourceTree = "<group>";
		};
		94E172F7151D1D610033CFF1 /* Facebook */ = {
			isa = PBXGroup;
			children = (
				94E172F8151D1D610033CFF1 /* FBConnect */,
				94E1730F151D1D610033CFF1 /* SHKFacebook.h */,
				94E17310151D1D610033CFF1 /* SHKFacebook.m */,
				94E17311151D1D610033CFF1 /* SHKFBStreamDialog.h */,
				94E17312151D1D610033CFF1 /* SHKFBStreamDialog.m */,
			);
			path = Facebook;
			sourceTree = "<group>";
		};
		94E172F8151D1D610033CFF1 /* FBConnect */ = {
			isa = PBXGroup;
			children = (
				94E172F9151D1D610033CFF1 /* FBConnect.bundle */,
				94E172FA151D1D610033CFF1 /* FBConnect.h */,
				94E172FB151D1D610033CFF1 /* FBConnectGlobal.h */,
				94E172FC151D1D610033CFF1 /* FBConnectGlobal.m */,
				94E172FD151D1D610033CFF1 /* FBDialog.h */,
				94E172FE151D1D610033CFF1 /* FBDialog.m */,
				94E172FF151D1D610033CFF1 /* FBFeedDialog.h */,
				94E17300151D1D610033CFF1 /* FBFeedDialog.m */,
				94E17301151D1D610033CFF1 /* FBLoginButton.h */,
				94E17302151D1D610033CFF1 /* FBLoginButton.m */,
				94E17303151D1D610033CFF1 /* FBLoginDialog.h */,
				94E17304151D1D610033CFF1 /* FBLoginDialog.m */,
				94E17305151D1D610033CFF1 /* FBPermissionDialog.h */,
				94E17306151D1D610033CFF1 /* FBPermissionDialog.m */,
				94E17307151D1D610033CFF1 /* FBRequest.h */,
				94E17308151D1D610033CFF1 /* FBRequest.m */,
				94E17309151D1D610033CFF1 /* FBSession.h */,
				94E1730A151D1D610033CFF1 /* FBSession.m */,
				94E1730B151D1D610033CFF1 /* FBStreamDialog.h */,
				94E1730C151D1D610033CFF1 /* FBStreamDialog.m */,
				94E1730D151D1D610033CFF1 /* FBXMLHandler.h */,
				94E1730E151D1D610033CFF1 /* FBXMLHandler.m */,
			);
			path = FBConnect;
			sourceTree = "<group>";
		};
		94E17313151D1D610033CFF1 /* Google Reader */ = {
			isa = PBXGroup;
			children = (
				94E17314151D1D610033CFF1 /* SHKGoogleReader.h */,
				94E17315151D1D610033CFF1 /* SHKGoogleReader.m */,
			);
			path = "Google Reader";
			sourceTree = "<group>";
		};
		94E17316151D1D610033CFF1 /* Instapaper */ = {
			isa = PBXGroup;
			children = (
				94E17317151D1D610033CFF1 /* SHKInstapaper.h */,
				94E17318151D1D610033CFF1 /* SHKInstapaper.m */,
			);
			path = Instapaper;
			sourceTree = "<group>";
		};
		94E17319151D1D610033CFF1 /* Pinboard */ = {
			isa = PBXGroup;
			children = (
				94E1731A151D1D610033CFF1 /* SHKPinboard.h */,
				94E1731B151D1D610033CFF1 /* SHKPinboard.m */,
			);
			path = Pinboard;
			sourceTree = "<group>";
		};
		94E1731C151D1D610033CFF1 /* Read It Later */ = {
			isa = PBXGroup;
			children = (
				94E1731D151D1D610033CFF1 /* SHKReadItLater.h */,
				94E1731E151D1D610033CFF1 /* SHKReadItLater.m */,
			);
			path = "Read It Later";
			sourceTree = "<group>";
		};
		94E1731F151D1D610033CFF1 /* Tumblr */ = {
			isa = PBXGroup;
			children = (
				94E17320151D1D610033CFF1 /* SHKTumblr.h */,
				94E17321151D1D610033CFF1 /* SHKTumblr.m */,
			);
			path = Tumblr;
			sourceTree = "<group>";
		};
		94E17322151D1D610033CFF1 /* Twitter */ = {
			isa = PBXGroup;
			children = (
				94E17323151D1D610033CFF1 /* SHKTwitter.h */,
				94E17324151D1D610033CFF1 /* SHKTwitter.m */,
				94E17325151D1D610033CFF1 /* SHKTwitterForm.h */,
				94E17326151D1D610033CFF1 /* SHKTwitterForm.m */,
			);
			path = Twitter;
			sourceTree = "<group>";
		};
		94E17328151D1D610033CFF1 /* UI */ = {
			isa = PBXGroup;
			children = (
				94E17329151D1D610033CFF1 /* SHKActionSheet.h */,
				94E1732A151D1D610033CFF1 /* SHKActionSheet.m */,
				94E1732B151D1D610033CFF1 /* SHKActivityIndicator.h */,
				94E1732C151D1D610033CFF1 /* SHKActivityIndicator.m */,
				94E1732D151D1D610033CFF1 /* SHKFormController.h */,
				94E1732E151D1D610033CFF1 /* SHKFormController.m */,
				94E1732F151D1D610033CFF1 /* SHKFormFieldCell.h */,
				94E17330151D1D610033CFF1 /* SHKFormFieldCell.m */,
				94E17331151D1D610033CFF1 /* SHKFormFieldSettings.h */,
				94E17332151D1D610033CFF1 /* SHKFormFieldSettings.m */,
				94E17333151D1D610033CFF1 /* SHKOAuthView.h */,
				94E17334151D1D610033CFF1 /* SHKOAuthView.m */,
				94E17335151D1D610033CFF1 /* SHKShareMenu.h */,
				94E17336151D1D610033CFF1 /* SHKShareMenu.m */,
				94E17337151D1D610033CFF1 /* SHKViewControllerWrapper.h */,
				94E17338151D1D610033CFF1 /* SHKViewControllerWrapper.m */,
			);
			path = UI;
			sourceTree = "<group>";
		};
/* End PBXGroup section */

/* Begin PBXNativeTarget section */
		94E1726F151D1CB30033CFF1 /* BufferShareKit */ = {
			isa = PBXNativeTarget;
			buildConfigurationList = 94E17291151D1CB30033CFF1 /* Build configuration list for PBXNativeTarget "BufferShareKit" */;
			buildPhases = (
				94E1726C151D1CB30033CFF1 /* Sources */,
				94E1726D151D1CB30033CFF1 /* Frameworks */,
				94E1726E151D1CB30033CFF1 /* Resources */,
			);
			buildRules = (
			);
			dependencies = (
			);
			name = BufferShareKit;
			productName = BufferShareKit;
			productReference = 94E17270151D1CB30033CFF1 /* BufferShareKit.app */;
			productType = "com.apple.product-type.application";
		};
/* End PBXNativeTarget section */

/* Begin PBXProject section */
		94E17267151D1CB30033CFF1 /* Project object */ = {
			isa = PBXProject;
			attributes = {
				LastUpgradeCheck = 0440;
			};
			buildConfigurationList = 94E1726A151D1CB30033CFF1 /* Build configuration list for PBXProject "BufferShareKit" */;
			compatibilityVersion = "Xcode 3.2";
			developmentRegion = English;
			hasScannedForEncodings = 0;
			knownRegions = (
				en,
				de,
			);
			mainGroup = 94E17265151D1CB30033CFF1;
			productRefGroup = 94E17271151D1CB30033CFF1 /* Products */;
			projectDirPath = "";
			projectRoot = "";
			targets = (
				94E1726F151D1CB30033CFF1 /* BufferShareKit */,
			);
		};
/* End PBXProject section */

/* Begin PBXResourcesBuildPhase section */
		94E1726E151D1CB30033CFF1 /* Resources */ = {
			isa = PBXResourcesBuildPhase;
			buildActionMask = 2147483647;
			files = (
				94E1727F151D1CB30033CFF1 /* InfoPlist.strings in Resources */,
				94E1728B151D1CB30033CFF1 /* ViewController_iPhone.xib in Resources */,
				94E1728E151D1CB30033CFF1 /* ViewController_iPad.xib in Resources */,
				94E17350151D1D610033CFF1 /* SHKSharers.plist in Resources */,
				94E17355151D1D610033CFF1 /* Localizable.strings in Resources */,
				94E1735C151D1D610033CFF1 /* FBConnect.bundle in Resources */,
			);
			runOnlyForDeploymentPostprocessing = 0;
		};
/* End PBXResourcesBuildPhase section */

/* Begin PBXSourcesBuildPhase section */
		94E1726C151D1CB30033CFF1 /* Sources */ = {
			isa = PBXSourcesBuildPhase;
			buildActionMask = 2147483647;
			files = (
				94E17281151D1CB30033CFF1 /* main.m in Sources */,
				94E17285151D1CB30033CFF1 /* AppDelegate.m in Sources */,
				94E17288151D1CB30033CFF1 /* ViewController.m in Sources */,
				94E17339151D1D610033CFF1 /* SHKOAuthSharer.m in Sources */,
				94E1733A151D1D610033CFF1 /* SHKSharer.m in Sources */,
				94E1733B151D1D610033CFF1 /* UIWebView+SHK.m in Sources */,
				94E1733C151D1D610033CFF1 /* SFHFKeychainUtils.m in Sources */,
				94E1733D151D1D610033CFF1 /* NSMutableURLRequest+Parameters.m in Sources */,
				94E1733E151D1D610033CFF1 /* NSString+URLEncoding.m in Sources */,
				94E1733F151D1D610033CFF1 /* NSURL+Base.m in Sources */,
				94E17340151D1D610033CFF1 /* Base64Transcoder.c in Sources */,
				94E17341151D1D610033CFF1 /* hmac.c in Sources */,
				94E17342151D1D610033CFF1 /* sha1.c in Sources */,
				94E17343151D1D610033CFF1 /* OAAsynchronousDataFetcher.m in Sources */,
				94E17344151D1D610033CFF1 /* OAConsumer.m in Sources */,
				94E17345151D1D610033CFF1 /* OADataFetcher.m in Sources */,
				94E17346151D1D610033CFF1 /* OAHMAC_SHA1SignatureProvider.m in Sources */,
				94E17347151D1D610033CFF1 /* OAMutableURLRequest.m in Sources */,
				94E17348151D1D610033CFF1 /* OAPlaintextSignatureProvider.m in Sources */,
				94E17349151D1D610033CFF1 /* OARequestParameter.m in Sources */,
				94E1734A151D1D610033CFF1 /* OAServiceTicket.m in Sources */,
				94E1734B151D1D610033CFF1 /* OAToken.m in Sources */,
				94E1734C151D1D610033CFF1 /* SHKRequest.m in Sources */,
				94E1734D151D1D610033CFF1 /* SHK.m in Sources */,
				94E1734E151D1D610033CFF1 /* SHKItem.m in Sources */,
				94E1734F151D1D610033CFF1 /* SHKOfflineSharer.m in Sources */,
				94E17351151D1D610033CFF1 /* SHKCustomFormController.m in Sources */,
				94E17352151D1D610033CFF1 /* SHKCustomFormFieldCell.m in Sources */,
				94E17353151D1D610033CFF1 /* SHKCustomShareMenu.m in Sources */,
				94E17354151D1D610033CFF1 /* SHKCustomShareMenuCell.m in Sources */,
				94E17356151D1D610033CFF1 /* Reachability.m in Sources */,
				94E17357151D1D610033CFF1 /* SHKCopy.m in Sources */,
				94E17358151D1D610033CFF1 /* SHKMail.m in Sources */,
				94E17359151D1D610033CFF1 /* SHKSafari.m in Sources */,
				94E1735A151D1D610033CFF1 /* SHKPhotoAlbum.m in Sources */,
				94E1735B151D1D610033CFF1 /* SHKDelicious.m in Sources */,
				94E1735D151D1D610033CFF1 /* FBConnectGlobal.m in Sources */,
				94E1735E151D1D610033CFF1 /* FBDialog.m in Sources */,
				94E1735F151D1D610033CFF1 /* FBFeedDialog.m in Sources */,
				94E17360151D1D610033CFF1 /* FBLoginButton.m in Sources */,
				94E17361151D1D610033CFF1 /* FBLoginDialog.m in Sources */,
				94E17362151D1D610033CFF1 /* FBPermissionDialog.m in Sources */,
				94E17363151D1D610033CFF1 /* FBRequest.m in Sources */,
				94E17364151D1D610033CFF1 /* FBSession.m in Sources */,
				94E17365151D1D610033CFF1 /* FBStreamDialog.m in Sources */,
				94E17366151D1D610033CFF1 /* FBXMLHandler.m in Sources */,
				94E17367151D1D610033CFF1 /* SHKFacebook.m in Sources */,
				94E17368151D1D610033CFF1 /* SHKFBStreamDialog.m in Sources */,
				94E17369151D1D610033CFF1 /* SHKGoogleReader.m in Sources */,
				94E1736A151D1D610033CFF1 /* SHKInstapaper.m in Sources */,
				94E1736B151D1D610033CFF1 /* SHKPinboard.m in Sources */,
				94E1736C151D1D610033CFF1 /* SHKReadItLater.m in Sources */,
				94E1736D151D1D610033CFF1 /* SHKTumblr.m in Sources */,
				94E1736E151D1D610033CFF1 /* SHKTwitter.m in Sources */,
				94E1736F151D1D610033CFF1 /* SHKTwitterForm.m in Sources */,
				94E17370151D1D610033CFF1 /* SHKActionSheet.m in Sources */,
				94E17371151D1D610033CFF1 /* SHKActivityIndicator.m in Sources */,
				94E17372151D1D610033CFF1 /* SHKFormController.m in Sources */,
				94E17373151D1D610033CFF1 /* SHKFormFieldCell.m in Sources */,
				94E17374151D1D610033CFF1 /* SHKFormFieldSettings.m in Sources */,
				94E17375151D1D610033CFF1 /* SHKOAuthView.m in Sources */,
				94E17376151D1D610033CFF1 /* SHKShareMenu.m in Sources */,
				94E17377151D1D610033CFF1 /* SHKViewControllerWrapper.m in Sources */,
			);
			runOnlyForDeploymentPostprocessing = 0;
		};
/* End PBXSourcesBuildPhase section */

/* Begin PBXVariantGroup section */
		94E1727D151D1CB30033CFF1 /* InfoPlist.strings */ = {
			isa = PBXVariantGroup;
			children = (
				94E1727E151D1CB30033CFF1 /* en */,
			);
			name = InfoPlist.strings;
			sourceTree = "<group>";
		};
		94E17289151D1CB30033CFF1 /* ViewController_iPhone.xib */ = {
			isa = PBXVariantGroup;
			children = (
				94E1728A151D1CB30033CFF1 /* en */,
			);
			name = ViewController_iPhone.xib;
			sourceTree = "<group>";
		};
		94E1728C151D1CB30033CFF1 /* ViewController_iPad.xib */ = {
			isa = PBXVariantGroup;
			children = (
				94E1728D151D1CB30033CFF1 /* en */,
			);
			name = ViewController_iPad.xib;
			sourceTree = "<group>";
		};
		94E172DF151D1D610033CFF1 /* Localizable.strings */ = {
			isa = PBXVariantGroup;
			children = (
				94E172E0151D1D610033CFF1 /* de */,
				94E172E1151D1D610033CFF1 /* en */,
			);
			name = Localizable.strings;
			sourceTree = "<group>";
		};
/* End PBXVariantGroup section */

/* Begin XCBuildConfiguration section */
		94E1728F151D1CB30033CFF1 /* Debug */ = {
			isa = XCBuildConfiguration;
			buildSettings = {
				ALWAYS_SEARCH_USER_PATHS = NO;
				ARCHS = "$(ARCHS_STANDARD_32_BIT)";
				CLANG_ENABLE_OBJC_ARC = YES;
				CLANG_WARN__DUPLICATE_METHOD_MATCH = YES;
				"CODE_SIGN_IDENTITY[sdk=iphoneos*]" = "iPhone Developer";
				COPY_PHASE_STRIP = NO;
				GCC_C_LANGUAGE_STANDARD = gnu99;
				GCC_DYNAMIC_NO_PIC = NO;
				GCC_OPTIMIZATION_LEVEL = 0;
				GCC_PREPROCESSOR_DEFINITIONS = (
					"DEBUG=1",
					"$(inherited)",
				);
				GCC_SYMBOLS_PRIVATE_EXTERN = NO;
				GCC_VERSION = com.apple.compilers.llvm.clang.1_0;
				GCC_WARN_ABOUT_RETURN_TYPE = YES;
				GCC_WARN_UNINITIALIZED_AUTOS = YES;
				GCC_WARN_UNUSED_VARIABLE = YES;
				IPHONEOS_DEPLOYMENT_TARGET = 5.1;
				SDKROOT = iphoneos;
				TARGETED_DEVICE_FAMILY = "1,2";
			};
			name = Debug;
		};
		94E17290151D1CB30033CFF1 /* Release */ = {
			isa = XCBuildConfiguration;
			buildSettings = {
				ALWAYS_SEARCH_USER_PATHS = NO;
				ARCHS = "$(ARCHS_STANDARD_32_BIT)";
				CLANG_ENABLE_OBJC_ARC = YES;
				CLANG_WARN__DUPLICATE_METHOD_MATCH = YES;
				"CODE_SIGN_IDENTITY[sdk=iphoneos*]" = "iPhone Developer";
				COPY_PHASE_STRIP = YES;
				GCC_C_LANGUAGE_STANDARD = gnu99;
				GCC_VERSION = com.apple.compilers.llvm.clang.1_0;
				GCC_WARN_ABOUT_RETURN_TYPE = YES;
				GCC_WARN_UNINITIALIZED_AUTOS = YES;
				GCC_WARN_UNUSED_VARIABLE = YES;
				IPHONEOS_DEPLOYMENT_TARGET = 5.1;
				OTHER_CFLAGS = "-DNS_BLOCK_ASSERTIONS=1";
				SDKROOT = iphoneos;
				TARGETED_DEVICE_FAMILY = "1,2";
				VALIDATE_PRODUCT = YES;
			};
			name = Release;
		};
		94E17292151D1CB30033CFF1 /* Debug */ = {
			isa = XCBuildConfiguration;
			buildSettings = {
				GCC_PRECOMPILE_PREFIX_HEADER = YES;
				GCC_PREFIX_HEADER = "BufferShareKit/BufferShareKit-Prefix.pch";
				INFOPLIST_FILE = "BufferShareKit/BufferShareKit-Info.plist";
				PRODUCT_NAME = "$(TARGET_NAME)";
				WRAPPER_EXTENSION = app;
			};
			name = Debug;
		};
		94E17293151D1CB30033CFF1 /* Release */ = {
			isa = XCBuildConfiguration;
			buildSettings = {
				GCC_PRECOMPILE_PREFIX_HEADER = YES;
				GCC_PREFIX_HEADER = "BufferShareKit/BufferShareKit-Prefix.pch";
				INFOPLIST_FILE = "BufferShareKit/BufferShareKit-Info.plist";
				PRODUCT_NAME = "$(TARGET_NAME)";
				WRAPPER_EXTENSION = app;
			};
			name = Release;
		};
/* End XCBuildConfiguration section */

/* Begin XCConfigurationList section */
		94E1726A151D1CB30033CFF1 /* Build configuration list for PBXProject "BufferShareKit" */ = {
			isa = XCConfigurationList;
			buildConfigurations = (
				94E1728F151D1CB30033CFF1 /* Debug */,
				94E17290151D1CB30033CFF1 /* Release */,
			);
			defaultConfigurationIsVisible = 0;
			defaultConfigurationName = Release;
		};
		94E17291151D1CB30033CFF1 /* Build configuration list for PBXNativeTarget "BufferShareKit" */ = {
			isa = XCConfigurationList;
			buildConfigurations = (
				94E17292151D1CB30033CFF1 /* Debug */,
				94E17293151D1CB30033CFF1 /* Release */,
			);
			defaultConfigurationIsVisible = 0;
		};
/* End XCConfigurationList section */
	};
	rootObject = 94E17267151D1CB30033CFF1 /* Project object */;
}
